
Microsoft Visual Studio Solution File, Format Version 12.00
# Visual Studio Version 17
VisualStudioVersion = 17.0.31717.71
MinimumVisualStudioVersion = 10.0.40219.1
Project("{9A19103F-16F7-4668-BE54-9A1E7A4F7556}") = "dotnet-http3", "dotnet-http3.csproj", "{7ABF23E6-76D1-4C73-9624-86B9E8292245}"
EndProject
Global
	GlobalSection(SolutionConfigurationPlatforms) = preSolution
		Debug|Any CPU = Debug|Any CPU
		Release|Any CPU = Release|Any CPU
	EndGlobalSection
	GlobalSection(ProjectConfigurationPlatforms) = postSolution
		{7ABF23E6-76D1-4C73-9624-86B9E8292245}.Debug|Any CPU.ActiveCfg = Debug|Any CPU
		{7ABF23E6-76D1-4C73-9624-86B9E8292245}.Debug|Any CPU.Build.0 = Debug|Any CPU
		{7ABF23E6-76D1-4C73-9624-86B9E8292245}.Release|Any CPU.ActiveCfg = Release|Any CPU
		{7ABF23E6-76D1-4C73-9624-86B9E8292245}.Release|Any CPU.Build.0 = Release|Any CPU
	EndGlobalSection
	GlobalSection(SolutionProperties) = preSolution
		HideSolutionNode = FALSE
	EndGlobalSection
	GlobalSection(ExtensibilityGlobals) = postSolution
		SolutionGuid = {117D8D57-A9A5-4A55-B73F-1E549C3AD6A8}
	EndGlobalSection
EndGlobal
